
Microsoft Visual Studio Solution File, Format Version 12.00
# Visual Studio 15
Project("{D954291E-2A0B-460D-934E-DC6B0785DB48}") = "AlesChat", "AlesChat\AlesChat.shproj", "{61EF898D-963C-43BD-917B-EC40F5680F7C}"
EndProject
Project("{FAE04EC0-301F-11D3-BF4B-00C04F79EFBC}") = "AlesChat.iOS", "iOS\AlesChat.iOS.csproj", "{87A6252C-8440-4922-8AF7-C73346BFFA4F}"
EndProject
Project("{FAE04EC0-301F-11D3-BF4B-00C04F79EFBC}") = "AlesChat.Droid", "Droid\AlesChat.Droid.csproj", "{DCBD42A1-0CF0-41BF-ADCB-E99C04223AA7}"
EndProject
Project("{FAE04EC0-301F-11D3-BF4B-00C04F79EFBC}") = "AlesChat.Backend", "AlesChat.Backend\AlesChat.Backend.csproj", "{51D5D175-BA31-49C7-9918-CFEAF5CBC690}"
EndProject
Project("{FAE04EC0-301F-11D3-BF4B-00C04F79EFBC}") = "AlesChat.Framework", "AlesChat.Framework\AlesChat.Framework.csproj", "{E9C26438-CF9B-4DDE-AFE4-0A21618BC938}"
EndProject
Project("{2150E333-8FDC-42A3-9474-1A3956D46DE8}") = "Console", "Console", "{BA66A1D1-089C-4380-B890-7CB36799DEF1}"
EndProject
Project("{FAE04EC0-301F-11D3-BF4B-00C04F79EFBC}") = "AlesChat.ConsoleApp", "AlesChat.Console\AlesChat.ConsoleApp.csproj", "{10DA6956-5DB4-4AB1-ACEC-0DD93DE04AC5}"
EndProject
Project("{2150E333-8FDC-42A3-9474-1A3956D46DE8}") = "Mobile", "Mobile", "{EBE42D2D-7E12-4C5A-81E0-2C42C7CDFF9D}"
EndProject
Project("{2150E333-8FDC-42A3-9474-1A3956D46DE8}") = "Framework", "Framework", "{AB25FB94-8D02-409C-83CB-4117A3078925}"
EndProject
Project("{FAE04EC0-301F-11D3-BF4B-00C04F79EFBC}") = "AlesChat.BlazorClient", "AlesChat.BlazorClient\AlesChat.BlazorClient.csproj", "{7FD829E6-4571-402E-BBF4-5A823B26C299}"
EndProject
Global
	GlobalSection(SolutionConfigurationPlatforms) = preSolution
		Debug|iPhoneSimulator = Debug|iPhoneSimulator
		Release|iPhone = Release|iPhone
		Release|iPhoneSimulator = Release|iPhoneSimulator
		Debug|iPhone = Debug|iPhone
		Debug|Any CPU = Debug|Any CPU
		Release|Any CPU = Release|Any CPU
	EndGlobalSection
	GlobalSection(ProjectConfigurationPlatforms) = postSolution
		{87A6252C-8440-4922-8AF7-C73346BFFA4F}.Debug|iPhoneSimulator.ActiveCfg = Debug|iPhoneSimulator
		{87A6252C-8440-4922-8AF7-C73346BFFA4F}.Debug|iPhoneSimulator.Build.0 = Debug|iPhoneSimulator
		{87A6252C-8440-4922-8AF7-C73346BFFA4F}.Release|iPhone.ActiveCfg = Release|iPhone
		{87A6252C-8440-4922-8AF7-C73346BFFA4F}.Release|iPhone.Build.0 = Release|iPhone
		{87A6252C-8440-4922-8AF7-C73346BFFA4F}.Release|iPhoneSimulator.ActiveCfg = Release|iPhoneSimulator
		{87A6252C-8440-4922-8AF7-C73346BFFA4F}.Release|iPhoneSimulator.Build.0 = Release|iPhoneSimulator
		{87A6252C-8440-4922-8AF7-C73346BFFA4F}.Debug|iPhone.ActiveCfg = Debug|iPhone
		{87A6252C-8440-4922-8AF7-C73346BFFA4F}.Debug|iPhone.Build.0 = Debug|iPhone
		{87A6252C-8440-4922-8AF7-C73346BFFA4F}.Debug|Any CPU.ActiveCfg = Debug|iPhoneSimulator
		{87A6252C-8440-4922-8AF7-C73346BFFA4F}.Debug|Any CPU.Build.0 = Debug|iPhoneSimulator
		{87A6252C-8440-4922-8AF7-C73346BFFA4F}.Release|Any CPU.ActiveCfg = Release|iPhone
		{87A6252C-8440-4922-8AF7-C73346BFFA4F}.Release|Any CPU.Build.0 = Release|iPhone
		{DCBD42A1-0CF0-41BF-ADCB-E99C04223AA7}.Debug|iPhoneSimulator.ActiveCfg = Debug|Any CPU
		{DCBD42A1-0CF0-41BF-ADCB-E99C04223AA7}.Debug|iPhoneSimulator.Build.0 = Debug|Any CPU
		{DCBD42A1-0CF0-41BF-ADCB-E99C04223AA7}.Release|iPhone.ActiveCfg = Release|Any CPU
		{DCBD42A1-0CF0-41BF-ADCB-E99C04223AA7}.Release|iPhone.Build.0 = Release|Any CPU
		{DCBD42A1-0CF0-41BF-ADCB-E99C04223AA7}.Release|iPhoneSimulator.ActiveCfg = Release|Any CPU
		{DCBD42A1-0CF0-41BF-ADCB-E99C04223AA7}.Release|iPhoneSimulator.Build.0 = Release|Any CPU
		{DCBD42A1-0CF0-41BF-ADCB-E99C04223AA7}.Debug|iPhone.ActiveCfg = Debug|Any CPU
		{DCBD42A1-0CF0-41BF-ADCB-E99C04223AA7}.Debug|iPhone.Build.0 = Debug|Any CPU
		{DCBD42A1-0CF0-41BF-ADCB-E99C04223AA7}.Debug|Any CPU.ActiveCfg = Debug|Any CPU
		{DCBD42A1-0CF0-41BF-ADCB-E99C04223AA7}.Debug|Any CPU.Build.0 = Debug|Any CPU
		{DCBD42A1-0CF0-41BF-ADCB-E99C04223AA7}.Release|Any CPU.ActiveCfg = Release|Any CPU
		{DCBD42A1-0CF0-41BF-ADCB-E99C04223AA7}.Release|Any CPU.Build.0 = Release|Any CPU
		{51D5D175-BA31-49C7-9918-CFEAF5CBC690}.Debug|iPhoneSimulator.ActiveCfg = Debug|Any CPU
		{51D5D175-BA31-49C7-9918-CFEAF5CBC690}.Debug|iPhoneSimulator.Build.0 = Debug|Any CPU
		{51D5D175-BA31-49C7-9918-CFEAF5CBC690}.Release|iPhone.ActiveCfg = Release|Any CPU
		{51D5D175-BA31-49C7-9918-CFEAF5CBC690}.Release|iPhone.Build.0 = Release|Any CPU
		{51D5D175-BA31-49C7-9918-CFEAF5CBC690}.Release|iPhoneSimulator.ActiveCfg = Release|Any CPU
		{51D5D175-BA31-49C7-9918-CFEAF5CBC690}.Release|iPhoneSimulator.Build.0 = Release|Any CPU
		{51D5D175-BA31-49C7-9918-CFEAF5CBC690}.Debug|iPhone.ActiveCfg = Debug|Any CPU
		{51D5D175-BA31-49C7-9918-CFEAF5CBC690}.Debug|iPhone.Build.0 = Debug|Any CPU
		{51D5D175-BA31-49C7-9918-CFEAF5CBC690}.Debug|Any CPU.ActiveCfg = Debug|Any CPU
		{51D5D175-BA31-49C7-9918-CFEAF5CBC690}.Debug|Any CPU.Build.0 = Debug|Any CPU
		{51D5D175-BA31-49C7-9918-CFEAF5CBC690}.Release|Any CPU.ActiveCfg = Release|Any CPU
		{51D5D175-BA31-49C7-9918-CFEAF5CBC690}.Release|Any CPU.Build.0 = Release|Any CPU
		{E9C26438-CF9B-4DDE-AFE4-0A21618BC938}.Debug|iPhoneSimulator.ActiveCfg = Debug|Any CPU
		{E9C26438-CF9B-4DDE-AFE4-0A21618BC938}.Debug|iPhoneSimulator.Build.0 = Debug|Any CPU
		{E9C26438-CF9B-4DDE-AFE4-0A21618BC938}.Release|iPhone.ActiveCfg = Release|Any CPU
		{E9C26438-CF9B-4DDE-AFE4-0A21618BC938}.Release|iPhone.Build.0 = Release|Any CPU
		{E9C26438-CF9B-4DDE-AFE4-0A21618BC938}.Release|iPhoneSimulator.ActiveCfg = Release|Any CPU
		{E9C26438-CF9B-4DDE-AFE4-0A21618BC938}.Release|iPhoneSimulator.Build.0 = Release|Any CPU
		{E9C26438-CF9B-4DDE-AFE4-0A21618BC938}.Debug|iPhone.ActiveCfg = Debug|Any CPU
		{E9C26438-CF9B-4DDE-AFE4-0A21618BC938}.Debug|iPhone.Build.0 = Debug|Any CPU
		{E9C26438-CF9B-4DDE-AFE4-0A21618BC938}.Debug|Any CPU.ActiveCfg = Debug|Any CPU
		{E9C26438-CF9B-4DDE-AFE4-0A21618BC938}.Debug|Any CPU.Build.0 = Debug|Any CPU
		{E9C26438-CF9B-4DDE-AFE4-0A21618BC938}.Release|Any CPU.ActiveCfg = Release|Any CPU
		{E9C26438-CF9B-4DDE-AFE4-0A21618BC938}.Release|Any CPU.Build.0 = Release|Any CPU
		{10DA6956-5DB4-4AB1-ACEC-0DD93DE04AC5}.Debug|iPhoneSimulator.ActiveCfg = Debug|Any CPU
		{10DA6956-5DB4-4AB1-ACEC-0DD93DE04AC5}.Debug|iPhoneSimulator.Build.0 = Debug|Any CPU
		{10DA6956-5DB4-4AB1-ACEC-0DD93DE04AC5}.Release|iPhone.ActiveCfg = Release|Any CPU
		{10DA6956-5DB4-4AB1-ACEC-0DD93DE04AC5}.Release|iPhone.Build.0 = Release|Any CPU
		{10DA6956-5DB4-4AB1-ACEC-0DD93DE04AC5}.Release|iPhoneSimulator.ActiveCfg = Release|Any CPU
		{10DA6956-5DB4-4AB1-ACEC-0DD93DE04AC5}.Release|iPhoneSimulator.Build.0 = Release|Any CPU
		{10DA6956-5DB4-4AB1-ACEC-0DD93DE04AC5}.Debug|iPhone.ActiveCfg = Debug|Any CPU
		{10DA6956-5DB4-4AB1-ACEC-0DD93DE04AC5}.Debug|iPhone.Build.0 = Debug|Any CPU
		{10DA6956-5DB4-4AB1-ACEC-0DD93DE04AC5}.Debug|Any CPU.ActiveCfg = Debug|Any CPU
		{10DA6956-5DB4-4AB1-ACEC-0DD93DE04AC5}.Debug|Any CPU.Build.0 = Debug|Any CPU
		{10DA6956-5DB4-4AB1-ACEC-0DD93DE04AC5}.Release|Any CPU.ActiveCfg = Release|Any CPU
		{10DA6956-5DB4-4AB1-ACEC-0DD93DE04AC5}.Release|Any CPU.Build.0 = Release|Any CPU
		{7FD829E6-4571-402E-BBF4-5A823B26C299}.Debug|iPhoneSimulator.ActiveCfg = Debug|Any CPU
		{7FD829E6-4571-402E-BBF4-5A823B26C299}.Debug|iPhoneSimulator.Build.0 = Debug|Any CPU
		{7FD829E6-4571-402E-BBF4-5A823B26C299}.Release|iPhone.ActiveCfg = Release|Any CPU
		{7FD829E6-4571-402E-BBF4-5A823B26C299}.Release|iPhone.Build.0 = Release|Any CPU
		{7FD829E6-4571-402E-BBF4-5A823B26C299}.Release|iPhoneSimulator.ActiveCfg = Release|Any CPU
		{7FD829E6-4571-402E-BBF4-5A823B26C299}.Release|iPhoneSimulator.Build.0 = Release|Any CPU
		{7FD829E6-4571-402E-BBF4-5A823B26C299}.Debug|iPhone.ActiveCfg = Debug|Any CPU
		{7FD829E6-4571-402E-BBF4-5A823B26C299}.Debug|iPhone.Build.0 = Debug|Any CPU
		{7FD829E6-4571-402E-BBF4-5A823B26C299}.Debug|Any CPU.ActiveCfg = Debug|Any CPU
		{7FD829E6-4571-402E-BBF4-5A823B26C299}.Debug|Any CPU.Build.0 = Debug|Any CPU
		{7FD829E6-4571-402E-BBF4-5A823B26C299}.Release|Any CPU.ActiveCfg = Release|Any CPU
		{7FD829E6-4571-402E-BBF4-5A823B26C299}.Release|Any CPU.Build.0 = Release|Any CPU
	EndGlobalSection
	GlobalSection(NestedProjects) = preSolution
		{10DA6956-5DB4-4AB1-ACEC-0DD93DE04AC5} = {BA66A1D1-089C-4380-B890-7CB36799DEF1}
		{61EF898D-963C-43BD-917B-EC40F5680F7C} = {EBE42D2D-7E12-4C5A-81E0-2C42C7CDFF9D}
		{DCBD42A1-0CF0-41BF-ADCB-E99C04223AA7} = {EBE42D2D-7E12-4C5A-81E0-2C42C7CDFF9D}
		{87A6252C-8440-4922-8AF7-C73346BFFA4F} = {EBE42D2D-7E12-4C5A-81E0-2C42C7CDFF9D}
		{E9C26438-CF9B-4DDE-AFE4-0A21618BC938} = {AB25FB94-8D02-409C-83CB-4117A3078925}
	EndGlobalSection
EndGlobal
